// !$*UTF8*$!
{
	archiveVersion = 1;
	classes = {
	};
	objectVersion = 54;
	objects = {

/* Begin PBXBuildFile section */
		DD42849224E47592004013E7 /* LocationDetailsViewController.swift in Sources */ = {isa = PBXBuildFile; fileRef = DD42849124E47591004013E7 /* LocationDetailsViewController.swift */; };
		DD42849424E4A15B004013E7 /* CategoryPickerViewController.swift in Sources */ = {isa = PBXBuildFile; fileRef = DD42849324E4A15B004013E7 /* CategoryPickerViewController.swift */; };
		DD42849624E56817004013E7 /* HudView.swift in Sources */ = {isa = PBXBuildFile; fileRef = DD42849524E56817004013E7 /* HudView.swift */; };
		DD42849824E5924F004013E7 /* Functions.swift in Sources */ = {isa = PBXBuildFile; fileRef = DD42849724E5924F004013E7 /* Functions.swift */; };
		DD8B83BD24E2E23C00CBEF4D /* AppDelegate.swift in Sources */ = {isa = PBXBuildFile; fileRef = DD8B83BC24E2E23C00CBEF4D /* AppDelegate.swift */; };
		DD8B83BF24E2E23C00CBEF4D /* SceneDelegate.swift in Sources */ = {isa = PBXBuildFile; fileRef = DD8B83BE24E2E23C00CBEF4D /* SceneDelegate.swift */; };
		DD8B83C124E2E23C00CBEF4D /* CurrentLocationViewController.swift in Sources */ = {isa = PBXBuildFile; fileRef = DD8B83C024E2E23C00CBEF4D /* CurrentLocationViewController.swift */; };
		DD8B83C424E2E23C00CBEF4D /* Main.storyboard in Resources */ = {isa = PBXBuildFile; fileRef = DD8B83C224E2E23C00CBEF4D /* Main.storyboard */; };
		DD8B83C724E2E23C00CBEF4D /* MyLocations.xcdatamodeld in Sources */ = {isa = PBXBuildFile; fileRef = DD8B83C524E2E23C00CBEF4D /* MyLocations.xcdatamodeld */; };
		DD8B83C924E2E23E00CBEF4D /* Assets.xcassets in Resources */ = {isa = PBXBuildFile; fileRef = DD8B83C824E2E23E00CBEF4D /* Assets.xcassets */; };
		DD8B83CC24E2E23E00CBEF4D /* LaunchScreen.storyboard in Resources */ = {isa = PBXBuildFile; fileRef = DD8B83CA24E2E23E00CBEF4D /* LaunchScreen.storyboard */; };
/* End PBXBuildFile section */

/* Begin PBXFileReference section */
		DD42849124E47591004013E7 /* LocationDetailsViewController.swift */ = {isa = PBXFileReference; lastKnownFileType = sourcecode.swift; path = LocationDetailsViewController.swift; sourceTree = "<group>"; };
		DD42849324E4A15B004013E7 /* CategoryPickerViewController.swift */ = {isa = PBXFileReference; lastKnownFileType = sourcecode.swift; path = CategoryPickerViewController.swift; sourceTree = "<group>"; };
		DD42849524E56817004013E7 /* HudView.swift */ = {isa = PBXFileReference; lastKnownFileType = sourcecode.swift; path = HudView.swift; sourceTree = "<group>"; };
		DD42849724E5924F004013E7 /* Functions.swift */ = {isa = PBXFileReference; lastKnownFileType = sourcecode.swift; path = Functions.swift; sourceTree = "<group>"; };
		DD8B83B924E2E23C00CBEF4D /* MyLocations.app */ = {isa = PBXFileReference; explicitFileType = wrapper.application; includeInIndex = 0; path = MyLocations.app; sourceTree = BUILT_PRODUCTS_DIR; };
		DD8B83BC24E2E23C00CBEF4D /* AppDelegate.swift */ = {isa = PBXFileReference; lastKnownFileType = sourcecode.swift; path = AppDelegate.swift; sourceTree = "<group>"; };
		DD8B83BE24E2E23C00CBEF4D /* SceneDelegate.swift */ = {isa = PBXFileReference; lastKnownFileType = sourcecode.swift; path = SceneDelegate.swift; sourceTree = "<group>"; };
		DD8B83C024E2E23C00CBEF4D /* CurrentLocationViewController.swift */ = {isa = PBXFileReference; lastKnownFileType = sourcecode.swift; path = CurrentLocationViewController.swift; sourceTree = "<group>"; };
		DD8B83C324E2E23C00CBEF4D /* Base */ = {isa = PBXFileReference; lastKnownFileType = file.storyboard; name = Base; path = Base.lproj/Main.storyboard; sourceTree = "<group>"; };
		DD8B83C624E2E23C00CBEF4D /* MyLocations.xcdatamodel */ = {isa = PBXFileReference; lastKnownFileType = wrapper.xcdatamodel; path = MyLocations.xcdatamodel; sourceTree = "<group>"; };
		DD8B83C824E2E23E00CBEF4D /* Assets.xcassets */ = {isa = PBXFileReference; lastKnownFileType = folder.assetcatalog; path = Assets.xcassets; sourceTree = "<group>"; };
		DD8B83CB24E2E23E00CBEF4D /* Base */ = {isa = PBXFileReference; lastKnownFileType = file.storyboard; name = Base; path = Base.lproj/LaunchScreen.storyboard; sourceTree = "<group>"; };
		DD8B83CD24E2E23E00CBEF4D /* Info.plist */ = {isa = PBXFileReference; lastKnownFileType = text.plist.xml; path = Info.plist; sourceTree = "<group>"; };
/* End PBXFileReference section */

/* Begin PBXFrameworksBuildPhase section */
		DD8B83B624E2E23C00CBEF4D /* Frameworks */ = {
			isa = PBXFrameworksBuildPhase;
			buildActionMask = 2147483647;
			files = (
			);
			runOnlyForDeploymentPostprocessing = 0;
		};
/* End PBXFrameworksBuildPhase section */

/* Begin PBXGroup section */
		DD8B83B024E2E23C00CBEF4D = {
			isa = PBXGroup;
			children = (
				DD8B83BB24E2E23C00CBEF4D /* MyLocations */,
				DD8B83BA24E2E23C00CBEF4D /* Products */,
			);
			indentWidth = 2;
			sourceTree = "<group>";
			tabWidth = 2;
			usesTabs = 0;
		};
		DD8B83BA24E2E23C00CBEF4D /* Products */ = {
			isa = PBXGroup;
			children = (
				DD8B83B924E2E23C00CBEF4D /* MyLocations.app */,
			);
			name = Products;
			sourceTree = "<group>";
		};
		DD8B83BB24E2E23C00CBEF4D /* MyLocations */ = {
			isa = PBXGroup;
			children = (
				DD8B83BC24E2E23C00CBEF4D /* AppDelegate.swift */,
				DD8B83BE24E2E23C00CBEF4D /* SceneDelegate.swift */,
				DD8B83C024E2E23C00CBEF4D /* CurrentLocationViewController.swift */,
				DD8B83C224E2E23C00CBEF4D /* Main.storyboard */,
				DD8B83C824E2E23E00CBEF4D /* Assets.xcassets */,
				DD8B83CA24E2E23E00CBEF4D /* LaunchScreen.storyboard */,
				DD8B83CD24E2E23E00CBEF4D /* Info.plist */,
				DD8B83C524E2E23C00CBEF4D /* MyLocations.xcdatamodeld */,
				DD42849124E47591004013E7 /* LocationDetailsViewController.swift */,
				DD42849324E4A15B004013E7 /* CategoryPickerViewController.swift */,
				DD42849524E56817004013E7 /* HudView.swift */,
				DD42849724E5924F004013E7 /* Functions.swift */,
			);
			path = MyLocations;
			sourceTree = "<group>";
		};
/* End PBXGroup section */

/* Begin PBXNativeTarget section */
		DD8B83B824E2E23C00CBEF4D /* MyLocations */ = {
			isa = PBXNativeTarget;
			buildConfigurationList = DD8B83D024E2E23E00CBEF4D /* Build configuration list for PBXNativeTarget "MyLocations" */;
			buildPhases = (
				DD8B83D524E2EE0100CBEF4D /* SwiftLint */,
				DD8B83B524E2E23C00CBEF4D /* Sources */,
				DD8B83B624E2E23C00CBEF4D /* Frameworks */,
				DD8B83B724E2E23C00CBEF4D /* Resources */,
			);
			buildRules = (
			);
			dependencies = (
			);
			name = MyLocations;
			productName = MyLocations;
			productReference = DD8B83B924E2E23C00CBEF4D /* MyLocations.app */;
			productType = "com.apple.product-type.application";
		};
/* End PBXNativeTarget section */

/* Begin PBXProject section */
		DD8B83B124E2E23C00CBEF4D /* Project object */ = {
			isa = PBXProject;
			attributes = {
				LastSwiftUpdateCheck = 1200;
				LastUpgradeCheck = 1200;
				ORGANIZATIONNAME = Razeware;
				TargetAttributes = {
					DD8B83B824E2E23C00CBEF4D = {
						CreatedOnToolsVersion = 12.0;
					};
				};
			};
			buildConfigurationList = DD8B83B424E2E23C00CBEF4D /* Build configuration list for PBXProject "MyLocations" */;
			compatibilityVersion = "Xcode 12.0";
			developmentRegion = en;
			hasScannedForEncodings = 0;
			knownRegions = (
				en,
				Base,
			);
			mainGroup = DD8B83B024E2E23C00CBEF4D;
			productRefGroup = DD8B83BA24E2E23C00CBEF4D /* Products */;
			projectDirPath = "";
			projectRoot = "";
			targets = (
				DD8B83B824E2E23C00CBEF4D /* MyLocations */,
			);
		};
/* End PBXProject section */

/* Begin PBXResourcesBuildPhase section */
		DD8B83B724E2E23C00CBEF4D /* Resources */ = {
			isa = PBXResourcesBuildPhase;
			buildActionMask = 2147483647;
			files = (
				DD8B83CC24E2E23E00CBEF4D /* LaunchScreen.storyboard in Resources */,
				DD8B83C924E2E23E00CBEF4D /* Assets.xcassets in Resources */,
				DD8B83C424E2E23C00CBEF4D /* Main.storyboard in Resources */,
			);
			runOnlyForDeploymentPostprocessing = 0;
		};
/* End PBXResourcesBuildPhase section */

/* Begin PBXShellScriptBuildPhase section */
		DD8B83D524E2EE0100CBEF4D /* SwiftLint */ = {
			isa = PBXShellScriptBuildPhase;
			buildActionMask = 2147483647;
			files = (
			);
			inputFileListPaths = (
			);
			inputPaths = (
			);
			name = SwiftLint;
			outputFileListPaths = (
			);
			outputPaths = (
			);
			runOnlyForDeploymentPostprocessing = 0;
			shellPath = /bin/sh;
			shellScript = "if [ -f ~/com.raywenderlich.swiftlint.yml ]; then\n  if which swiftlint >/dev/null; then\n    swiftlint --config ~/com.raywenderlich.swiftlint.yml\n  fi\nfi\n\n";
		};
/* End PBXShellScriptBuildPhase section */

/* Begin PBXSourcesBuildPhase section */
		DD8B83B524E2E23C00CBEF4D /* Sources */ = {
			isa = PBXSourcesBuildPhase;
			buildActionMask = 2147483647;
			files = (
				DD42849424E4A15B004013E7 /* CategoryPickerViewController.swift in Sources */,
				DD8B83C124E2E23C00CBEF4D /* CurrentLocationViewController.swift in Sources */,
				DD8B83BD24E2E23C00CBEF4D /* AppDelegate.swift in Sources */,
				DD42849824E5924F004013E7 /* Functions.swift in Sources */,
				DD8B83C724E2E23C00CBEF4D /* MyLocations.xcdatamodeld in Sources */,
				DD8B83BF24E2E23C00CBEF4D /* SceneDelegate.swift in Sources */,
				DD42849624E56817004013E7 /* HudView.swift in Sources */,
				DD42849224E47592004013E7 /* LocationDetailsViewController.swift in Sources */,
			);
			runOnlyForDeploymentPostprocessing = 0;
		};
/* End PBXSourcesBuildPhase section */

/* Begin PBXVariantGroup section */
		DD8B83C224E2E23C00CBEF4D /* Main.storyboard */ = {
			isa = PBXVariantGroup;
			children = (
				DD8B83C324E2E23C00CBEF4D /* Base */,
			);
			name = Main.storyboard;
			sourceTree = "<group>";
		};
		DD8B83CA24E2E23E00CBEF4D /* LaunchScreen.storyboard */ = {
			isa = PBXVariantGroup;
			children = (
				DD8B83CB24E2E23E00CBEF4D /* Base */,
			);
			name = LaunchScreen.storyboard;
			sourceTree = "<group>";
		};
/* End PBXVariantGroup section */

/* Begin XCBuildConfiguration section */
		DD8B83CE24E2E23E00CBEF4D /* Debug */ = {
			isa = XCBuildConfiguration;
			buildSettings = {
				ALWAYS_SEARCH_USER_PATHS = NO;
				CLANG_ANALYZER_NONNULL = YES;
				CLANG_ANALYZER_NUMBER_OBJECT_CONVERSION = YES_AGGRESSIVE;
				CLANG_CXX_LANGUAGE_STANDARD = "gnu++14";
				CLANG_CXX_LIBRARY = "libc++";
				CLANG_ENABLE_MODULES = YES;
				CLANG_ENABLE_OBJC_ARC = YES;
				CLANG_ENABLE_OBJC_WEAK = YES;
				CLANG_WARN_BLOCK_CAPTURE_AUTORELEASING = YES;
				CLANG_WARN_BOOL_CONVERSION = YES;
				CLANG_WARN_COMMA = YES;
				CLANG_WARN_CONSTANT_CONVERSION = YES;
				CLANG_WARN_DEPRECATED_OBJC_IMPLEMENTATIONS = YES;
				CLANG_WARN_DIRECT_OBJC_ISA_USAGE = YES_ERROR;
				CLANG_WARN_DOCUMENTATION_COMMENTS = YES;
				CLANG_WARN_EMPTY_BODY = YES;
				CLANG_WARN_ENUM_CONVERSION = YES;
				CLANG_WARN_INFINITE_RECURSION = YES;
				CLANG_WARN_INT_CONVERSION = YES;
				CLANG_WARN_NON_LITERAL_NULL_CONVERSION = YES;
				CLANG_WARN_OBJC_IMPLICIT_RETAIN_SELF = YES;
				CLANG_WARN_OBJC_LITERAL_CONVERSION = YES;
				CLANG_WARN_OBJC_ROOT_CLASS = YES_ERROR;
				CLANG_WARN_QUOTED_INCLUDE_IN_FRAMEWORK_HEADER = YES;
				CLANG_WARN_RANGE_LOOP_ANALYSIS = YES;
				CLANG_WARN_STRICT_PROTOTYPES = YES;
				CLANG_WARN_SUSPICIOUS_MOVE = YES;
				CLANG_WARN_UNGUARDED_AVAILABILITY = YES_AGGRESSIVE;
				CLANG_WARN_UNREACHABLE_CODE = YES;
				CLANG_WARN__DUPLICATE_METHOD_MATCH = YES;
				COPY_PHASE_STRIP = NO;
				DEBUG_INFORMATION_FORMAT = dwarf;
				ENABLE_STRICT_OBJC_MSGSEND = YES;
				ENABLE_TESTABILITY = YES;
				GCC_C_LANGUAGE_STANDARD = gnu11;
				GCC_DYNAMIC_NO_PIC = NO;
				GCC_NO_COMMON_BLOCKS = YES;
				GCC_OPTIMIZATION_LEVEL = 0;
				GCC_PREPROCESSOR_DEFINITIONS = (
					"DEBUG=1",
					"$(inherited)",
				);
				GCC_WARN_64_TO_32_BIT_CONVERSION = YES;
				GCC_WARN_ABOUT_RETURN_TYPE = YES_ERROR;
				GCC_WARN_UNDECLARED_SELECTOR = YES;
				GCC_WARN_UNINITIALIZED_AUTOS = YES_AGGRESSIVE;
				GCC_WARN_UNUSED_FUNCTION = YES;
				GCC_WARN_UNUSED_VARIABLE = YES;
				IPHONEOS_DEPLOYMENT_TARGET = 14.0;
				MTL_ENABLE_DEBUG_INFO = INCLUDE_SOURCE;
				MTL_FAST_MATH = YES;
				ONLY_ACTIVE_ARCH = YES;
				SDKROOT = iphoneos;
				SWIFT_ACTIVE_COMPILATION_CONDITIONS = DEBUG;
				SWIFT_OPTIMIZATION_LEVEL = "-Onone";
			};
			name = Debug;
		};
		DD8B83CF24E2E23E00CBEF4D /* Release */ = {
			isa = XCBuildConfiguration;
			buildSettings = {
				ALWAYS_SEARCH_USER_PATHS = NO;
				CLANG_ANALYZER_NONNULL = YES;
				CLANG_ANALYZER_NUMBER_OBJECT_CONVERSION = YES_AGGRESSIVE;
				CLANG_CXX_LANGUAGE_STANDARD = "gnu++14";
				CLANG_CXX_LIBRARY = "libc++";
				CLANG_ENABLE_MODULES = YES;
				CLANG_ENABLE_OBJC_ARC = YES;
				CLANG_ENABLE_OBJC_WEAK = YES;
				CLANG_WARN_BLOCK_CAPTURE_AUTORELEASING = YES;
				CLANG_WARN_BOOL_CONVERSION = YES;
				CLANG_WARN_COMMA = YES;
				CLANG_WARN_CONSTANT_CONVERSION = YES;
				CLANG_WARN_DEPRECATED_OBJC_IMPLEMENTATIONS = YES;
				CLANG_WARN_DIRECT_OBJC_ISA_USAGE = YES_ERROR;
				CLANG_WARN_DOCUMENTATION_COMMENTS = YES;
				CLANG_WARN_EMPTY_BODY = YES;
				CLANG_WARN_ENUM_CONVERSION = YES;
				CLANG_WARN_INFINITE_RECURSION = YES;
				CLANG_WARN_INT_CONVERSION = YES;
				CLANG_WARN_NON_LITERAL_NULL_CONVERSION = YES;
				CLANG_WARN_OBJC_IMPLICIT_RETAIN_SELF = YES;
				CLANG_WARN_OBJC_LITERAL_CONVERSION = YES;
				CLANG_WARN_OBJC_ROOT_CLASS = YES_ERROR;
				CLANG_WARN_QUOTED_INCLUDE_IN_FRAMEWORK_HEADER = YES;
				CLANG_WARN_RANGE_LOOP_ANALYSIS = YES;
				CLANG_WARN_STRICT_PROTOTYPES = YES;
				CLANG_WARN_SUSPICIOUS_MOVE = YES;
				CLANG_WARN_UNGUARDED_AVAILABILITY = YES_AGGRESSIVE;
				CLANG_WARN_UNREACHABLE_CODE = YES;
				CLANG_WARN__DUPLICATE_METHOD_MATCH = YES;
				COPY_PHASE_STRIP = NO;
				DEBUG_INFORMATION_FORMAT = "dwarf-with-dsym";
				ENABLE_NS_ASSERTIONS = NO;
				ENABLE_STRICT_OBJC_MSGSEND = YES;
				GCC_C_LANGUAGE_STANDARD = gnu11;
				GCC_NO_COMMON_BLOCKS = YES;
				GCC_WARN_64_TO_32_BIT_CONVERSION = YES;
				GCC_WARN_ABOUT_RETURN_TYPE = YES_ERROR;
				GCC_WARN_UNDECLARED_SELECTOR = YES;
				GCC_WARN_UNINITIALIZED_AUTOS = YES_AGGRESSIVE;
				GCC_WARN_UNUSED_FUNCTION = YES;
				GCC_WARN_UNUSED_VARIABLE = YES;
				IPHONEOS_DEPLOYMENT_TARGET = 14.0;
				MTL_ENABLE_DEBUG_INFO = NO;
				MTL_FAST_MATH = YES;
				SDKROOT = iphoneos;
				SWIFT_COMPILATION_MODE = wholemodule;
				SWIFT_OPTIMIZATION_LEVEL = "-O";
				VALIDATE_PRODUCT = YES;
			};
			name = Release;
		};
		DD8B83D124E2E23E00CBEF4D /* Debug */ = {
			isa = XCBuildConfiguration;
			buildSettings = {
				ASSETCATALOG_COMPILER_APPICON_NAME = AppIcon;
				ASSETCATALOG_COMPILER_GLOBAL_ACCENT_COLOR_NAME = AccentColor;
				CODE_SIGN_STYLE = Automatic;
				INFOPLIST_FILE = MyLocations/Info.plist;
				LD_RUNPATH_SEARCH_PATHS = (
					"$(inherited)",
					"@executable_path/Frameworks",
				);
				PRODUCT_BUNDLE_IDENTIFIER = com.razeware.MyLocations;
				PRODUCT_NAME = "$(TARGET_NAME)";
				SWIFT_VERSION = 5.0;
				TARGETED_DEVICE_FAMILY = "1,2";
			};
			name = Debug;
		};
		DD8B83D224E2E23E00CBEF4D /* Release */ = {
			isa = XCBuildConfiguration;
			buildSettings = {
				ASSETCATALOG_COMPILER_APPICON_NAME = AppIcon;
				ASSETCATALOG_COMPILER_GLOBAL_ACCENT_COLOR_NAME = AccentColor;
				CODE_SIGN_STYLE = Automatic;
				INFOPLIST_FILE = MyLocations/Info.plist;
				LD_RUNPATH_SEARCH_PATHS = (
					"$(inherited)",
					"@executable_path/Frameworks",
				);
				PRODUCT_BUNDLE_IDENTIFIER = com.razeware.MyLocations;
				PRODUCT_NAME = "$(TARGET_NAME)";
				SWIFT_VERSION = 5.0;
				TARGETED_DEVICE_FAMILY = "1,2";
			};
			name = Release;
		};
/* End XCBuildConfiguration section */

/* Begin XCConfigurationList section */
		DD8B83B424E2E23C00CBEF4D /* Build configuration list for PBXProject "MyLocations" */ = {
			isa = XCConfigurationList;
			buildConfigurations = (
				DD8B83CE24E2E23E00CBEF4D /* Debug */,
				DD8B83CF24E2E23E00CBEF4D /* Release */,
			);
			defaultConfigurationIsVisible = 0;
			defaultConfigurationName = Release;
		};
		DD8B83D024E2E23E00CBEF4D /* Build configuration list for PBXNativeTarget "MyLocations" */ = {
			isa = XCConfigurationList;
			buildConfigurations = (
				DD8B83D124E2E23E00CBEF4D /* Debug */,
				DD8B83D224E2E23E00CBEF4D /* Release */,
			);
			defaultConfigurationIsVisible = 0;
			defaultConfigurationName = Release;
		};
/* End XCConfigurationList section */

/* Begin XCVersionGroup section */
		DD8B83C524E2E23C00CBEF4D /* MyLocations.xcdatamodeld */ = {
			isa = XCVersionGroup;
			children = (
				DD8B83C624E2E23C00CBEF4D /* MyLocations.xcdatamodel */,
			);
			currentVersion = DD8B83C624E2E23C00CBEF4D /* MyLocations.xcdatamodel */;
			path = MyLocations.xcdatamodeld;
			sourceTree = "<group>";
			versionGroupType = wrapper.xcdatamodel;
		};
/* End XCVersionGroup section */
	};
	rootObject = DD8B83B124E2E23C00CBEF4D /* Project object */;
}
